
Microsoft Visual Studio Solution File, Format Version 12.00
# Visual Studio 15
VisualStudioVersion = 15.0.27130.2036
MinimumVisualStudioVersion = 10.0.40219.1
Project("{FAE04EC0-301F-11D3-BF4B-00C04F79EFBC}") = "EmotionPlatzi.Web", "EmotionPlatzi.Web\EmotionPlatzi.Web.csproj", "{6F6BDEF8-626A-4974-BF32-F5A60719A217}"
EndProject
Global
	GlobalSection(SolutionConfigurationPlatforms) = preSolution
		Debug|Any CPU = Debug|Any CPU
		Release|Any CPU = Release|Any CPU
	EndGlobalSection
	GlobalSection(ProjectConfigurationPlatforms) = postSolution
		{6F6BDEF8-626A-4974-BF32-F5A60719A217}.Debug|Any CPU.ActiveCfg = Debug|Any CPU
		{6F6BDEF8-626A-4974-BF32-F5A60719A217}.Debug|Any CPU.Build.0 = Debug|Any CPU
		{6F6BDEF8-626A-4974-BF32-F5A60719A217}.Release|Any CPU.ActiveCfg = Release|Any CPU
		{6F6BDEF8-626A-4974-BF32-F5A60719A217}.Release|Any CPU.Build.0 = Release|Any CPU
	EndGlobalSection
	GlobalSection(SolutionProperties) = preSolution
		HideSolutionNode = FALSE
	EndGlobalSection
	GlobalSection(ExtensibilityGlobals) = postSolution
		SolutionGuid = {B36E467D-5E8D-4440-AF86-A457FFD8CF5A}
	EndGlobalSection
EndGlobal
